
Microsoft Visual Studio Solution File, Format Version 12.00
# Visual Studio Version 17
VisualStudioVersion = 17.13.35818.85 d17.13
MinimumVisualStudioVersion = 10.0.40219.1
Project("{FAE04EC0-301F-11D3-BF4B-00C04F79EFBC}") = "альфач", "альфач\альфач.csproj", "{77ED33A4-7FC8-4B43-9716-3E9DB1517629}"
EndProject
Global
	GlobalSection(SolutionConfigurationPlatforms) = preSolution
		Debug|Any CPU = Debug|Any CPU
		Release|Any CPU = Release|Any CPU
	EndGlobalSection
	GlobalSection(ProjectConfigurationPlatforms) = postSolution
		{77ED33A4-7FC8-4B43-9716-3E9DB1517629}.Debug|Any CPU.ActiveCfg = Debug|Any CPU
		{77ED33A4-7FC8-4B43-9716-3E9DB1517629}.Debug|Any CPU.Build.0 = Debug|Any CPU
		{77ED33A4-7FC8-4B43-9716-3E9DB1517629}.Release|Any CPU.ActiveCfg = Release|Any CPU
		{77ED33A4-7FC8-4B43-9716-3E9DB1517629}.Release|Any CPU.Build.0 = Release|Any CPU
	EndGlobalSection
	GlobalSection(SolutionProperties) = preSolution
		HideSolutionNode = FALSE
	EndGlobalSection
	GlobalSection(ExtensibilityGlobals) = postSolution
		SolutionGuid = {E9140489-A76C-43BF-8CC4-D81078537EE9}
	EndGlobalSection
EndGlobal
